// !$*UTF8*$!
{
	archiveVersion = 1;
	classes = {
	};
	objectVersion = 50;
	objects = {

/* Begin PBXBuildFile section */
		17267EA27C4E278DF851B9CA /* Pods_Safety_First.framework in Frameworks */ = {isa = PBXBuildFile; fileRef = 48E5819F95A3AB5570FFBD04 /* Pods_Safety_First.framework */; };
		D950565B212EA13A000EE987 /* AppDelegate.swift in Sources */ = {isa = PBXBuildFile; fileRef = D950565A212EA13A000EE987 /* AppDelegate.swift */; };
		D950565D212EA13A000EE987 /* CredentialViewController.swift in Sources */ = {isa = PBXBuildFile; fileRef = D950565C212EA13A000EE987 /* CredentialViewController.swift */; };
		D9505660212EA13A000EE987 /* Main.storyboard in Resources */ = {isa = PBXBuildFile; fileRef = D950565E212EA13A000EE987 /* Main.storyboard */; };
		D9505662212EA13B000EE987 /* Assets.xcassets in Resources */ = {isa = PBXBuildFile; fileRef = D9505661212EA13B000EE987 /* Assets.xcassets */; };
		D9505665212EA13B000EE987 /* LaunchScreen.storyboard in Resources */ = {isa = PBXBuildFile; fileRef = D9505663212EA13B000EE987 /* LaunchScreen.storyboard */; };
		D950566E212EFD9F000EE987 /* Credentials.swift in Sources */ = {isa = PBXBuildFile; fileRef = D950566D212EFD9F000EE987 /* Credentials.swift */; };
		D9505670212EFF1D000EE987 /* CredentialsManager.swift in Sources */ = {isa = PBXBuildFile; fileRef = D950566F212EFF1D000EE987 /* CredentialsManager.swift */; };
		D9505672212F0404000EE987 /* CrendentialListViewController.swift in Sources */ = {isa = PBXBuildFile; fileRef = D9505671212F0404000EE987 /* CrendentialListViewController.swift */; };
		D9505674212F074D000EE987 /* EditCrendentialViewController.swift in Sources */ = {isa = PBXBuildFile; fileRef = D9505673212F074D000EE987 /* EditCrendentialViewController.swift */; };
/* End PBXBuildFile section */

/* Begin PBXFileReference section */
		0EBA4EC585AB0DA45AEF33AA /* Pods-Safety First.debug.xcconfig */ = {isa = PBXFileReference; includeInIndex = 1; lastKnownFileType = text.xcconfig; name = "Pods-Safety First.debug.xcconfig"; path = "Pods/Target Support Files/Pods-Safety First/Pods-Safety First.debug.xcconfig"; sourceTree = "<group>"; };
		48E5819F95A3AB5570FFBD04 /* Pods_Safety_First.framework */ = {isa = PBXFileReference; explicitFileType = wrapper.framework; includeInIndex = 0; path = Pods_Safety_First.framework; sourceTree = BUILT_PRODUCTS_DIR; };
		4C95633D50B9C2890535FEEE /* Pods-Safety First.release.xcconfig */ = {isa = PBXFileReference; includeInIndex = 1; lastKnownFileType = text.xcconfig; name = "Pods-Safety First.release.xcconfig"; path = "Pods/Target Support Files/Pods-Safety First/Pods-Safety First.release.xcconfig"; sourceTree = "<group>"; };
		D9505657212EA13A000EE987 /* Safety First.app */ = {isa = PBXFileReference; explicitFileType = wrapper.application; includeInIndex = 0; path = "Safety First.app"; sourceTree = BUILT_PRODUCTS_DIR; };
		D950565A212EA13A000EE987 /* AppDelegate.swift */ = {isa = PBXFileReference; lastKnownFileType = sourcecode.swift; path = AppDelegate.swift; sourceTree = "<group>"; };
		D950565C212EA13A000EE987 /* CredentialViewController.swift */ = {isa = PBXFileReference; lastKnownFileType = sourcecode.swift; path = CredentialViewController.swift; sourceTree = "<group>"; };
		D950565F212EA13A000EE987 /* Base */ = {isa = PBXFileReference; lastKnownFileType = file.storyboard; name = Base; path = Base.lproj/Main.storyboard; sourceTree = "<group>"; };
		D9505661212EA13B000EE987 /* Assets.xcassets */ = {isa = PBXFileReference; lastKnownFileType = folder.assetcatalog; path = Assets.xcassets; sourceTree = "<group>"; };
		D9505664212EA13B000EE987 /* Base */ = {isa = PBXFileReference; lastKnownFileType = file.storyboard; name = Base; path = Base.lproj/LaunchScreen.storyboard; sourceTree = "<group>"; };
		D9505666212EA13B000EE987 /* Info.plist */ = {isa = PBXFileReference; lastKnownFileType = text.plist.xml; path = Info.plist; sourceTree = "<group>"; };
		D950566D212EFD9F000EE987 /* Credentials.swift */ = {isa = PBXFileReference; lastKnownFileType = sourcecode.swift; path = Credentials.swift; sourceTree = "<group>"; };
		D950566F212EFF1D000EE987 /* CredentialsManager.swift */ = {isa = PBXFileReference; lastKnownFileType = sourcecode.swift; path = CredentialsManager.swift; sourceTree = "<group>"; };
		D9505671212F0404000EE987 /* CrendentialListViewController.swift */ = {isa = PBXFileReference; lastKnownFileType = sourcecode.swift; path = CrendentialListViewController.swift; sourceTree = "<group>"; };
		D9505673212F074D000EE987 /* EditCrendentialViewController.swift */ = {isa = PBXFileReference; lastKnownFileType = sourcecode.swift; path = EditCrendentialViewController.swift; sourceTree = "<group>"; };
/* End PBXFileReference section */

/* Begin PBXFrameworksBuildPhase section */
		D9505654212EA13A000EE987 /* Frameworks */ = {
			isa = PBXFrameworksBuildPhase;
			buildActionMask = 2147483647;
			files = (
				17267EA27C4E278DF851B9CA /* Pods_Safety_First.framework in Frameworks */,
			);
			runOnlyForDeploymentPostprocessing = 0;
		};
/* End PBXFrameworksBuildPhase section */

/* Begin PBXGroup section */
		05B9CC3D93C72F661AC37FAB /* Pods */ = {
			isa = PBXGroup;
			children = (
				0EBA4EC585AB0DA45AEF33AA /* Pods-Safety First.debug.xcconfig */,
				4C95633D50B9C2890535FEEE /* Pods-Safety First.release.xcconfig */,
			);
			name = Pods;
			sourceTree = "<group>";
		};
		D950564E212EA13A000EE987 = {
			isa = PBXGroup;
			children = (
				D9505659212EA13A000EE987 /* Safety First */,
				D9505658212EA13A000EE987 /* Products */,
				05B9CC3D93C72F661AC37FAB /* Pods */,
				F99E2DF1DBD6FB550DCE753A /* Frameworks */,
			);
			sourceTree = "<group>";
		};
		D9505658212EA13A000EE987 /* Products */ = {
			isa = PBXGroup;
			children = (
				D9505657212EA13A000EE987 /* Safety First.app */,
			);
			name = Products;
			sourceTree = "<group>";
		};
		D9505659212EA13A000EE987 /* Safety First */ = {
			isa = PBXGroup;
			children = (
				D950566C212EFD55000EE987 /* Model */,
				D950565A212EA13A000EE987 /* AppDelegate.swift */,
				D950565C212EA13A000EE987 /* CredentialViewController.swift */,
				D950565E212EA13A000EE987 /* Main.storyboard */,
				D9505661212EA13B000EE987 /* Assets.xcassets */,
				D9505663212EA13B000EE987 /* LaunchScreen.storyboard */,
				D9505666212EA13B000EE987 /* Info.plist */,
				D9505671212F0404000EE987 /* CrendentialListViewController.swift */,
				D9505673212F074D000EE987 /* EditCrendentialViewController.swift */,
			);
			path = "Safety First";
			sourceTree = "<group>";
		};
		D950566C212EFD55000EE987 /* Model */ = {
			isa = PBXGroup;
			children = (
				D950566D212EFD9F000EE987 /* Credentials.swift */,
				D950566F212EFF1D000EE987 /* CredentialsManager.swift */,
			);
			path = Model;
			sourceTree = "<group>";
		};
		F99E2DF1DBD6FB550DCE753A /* Frameworks */ = {
			isa = PBXGroup;
			children = (
				48E5819F95A3AB5570FFBD04 /* Pods_Safety_First.framework */,
			);
			name = Frameworks;
			sourceTree = "<group>";
		};
/* End PBXGroup section */

/* Begin PBXNativeTarget section */
		D9505656212EA13A000EE987 /* Safety First */ = {
			isa = PBXNativeTarget;
			buildConfigurationList = D9505669212EA13B000EE987 /* Build configuration list for PBXNativeTarget "Safety First" */;
			buildPhases = (
				DEF67D49224C1BFCAC4535C6 /* [CP] Check Pods Manifest.lock */,
				D9505653212EA13A000EE987 /* Sources */,
				D9505654212EA13A000EE987 /* Frameworks */,
				D9505655212EA13A000EE987 /* Resources */,
				43BE9161043123A6E2AE6D28 /* [CP] Embed Pods Frameworks */,
			);
			buildRules = (
			);
			dependencies = (
			);
			name = "Safety First";
			productName = "Safety First";
			productReference = D9505657212EA13A000EE987 /* Safety First.app */;
			productType = "com.apple.product-type.application";
		};
/* End PBXNativeTarget section */

/* Begin PBXProject section */
		D950564F212EA13A000EE987 /* Project object */ = {
			isa = PBXProject;
			attributes = {
				LastSwiftUpdateCheck = 0930;
				LastUpgradeCheck = 0930;
				ORGANIZATIONNAME = Christophe;
				TargetAttributes = {
					D9505656212EA13A000EE987 = {
						CreatedOnToolsVersion = 9.3;
					};
				};
			};
			buildConfigurationList = D9505652212EA13A000EE987 /* Build configuration list for PBXProject "Safety First" */;
			compatibilityVersion = "Xcode 9.3";
			developmentRegion = en;
			hasScannedForEncodings = 0;
			knownRegions = (
				en,
				Base,
			);
			mainGroup = D950564E212EA13A000EE987;
			productRefGroup = D9505658212EA13A000EE987 /* Products */;
			projectDirPath = "";
			projectRoot = "";
			targets = (
				D9505656212EA13A000EE987 /* Safety First */,
			);
		};
/* End PBXProject section */

/* Begin PBXResourcesBuildPhase section */
		D9505655212EA13A000EE987 /* Resources */ = {
			isa = PBXResourcesBuildPhase;
			buildActionMask = 2147483647;
			files = (
				D9505665212EA13B000EE987 /* LaunchScreen.storyboard in Resources */,
				D9505662212EA13B000EE987 /* Assets.xcassets in Resources */,
				D9505660212EA13A000EE987 /* Main.storyboard in Resources */,
			);
			runOnlyForDeploymentPostprocessing = 0;
		};
/* End PBXResourcesBuildPhase section */

/* Begin PBXShellScriptBuildPhase section */
		43BE9161043123A6E2AE6D28 /* [CP] Embed Pods Frameworks */ = {
			isa = PBXShellScriptBuildPhase;
			buildActionMask = 2147483647;
			files = (
			);
			inputPaths = (
				"${SRCROOT}/Pods/Target Support Files/Pods-Safety First/Pods-Safety First-frameworks.sh",
				"${BUILT_PRODUCTS_DIR}/Realm/Realm.framework",
				"${BUILT_PRODUCTS_DIR}/RealmSwift/RealmSwift.framework",
			);
			name = "[CP] Embed Pods Frameworks";
			outputPaths = (
				"${TARGET_BUILD_DIR}/${FRAMEWORKS_FOLDER_PATH}/Realm.framework",
				"${TARGET_BUILD_DIR}/${FRAMEWORKS_FOLDER_PATH}/RealmSwift.framework",
			);
			runOnlyForDeploymentPostprocessing = 0;
			shellPath = /bin/sh;
			shellScript = "\"${SRCROOT}/Pods/Target Support Files/Pods-Safety First/Pods-Safety First-frameworks.sh\"\n";
			showEnvVarsInLog = 0;
		};
		DEF67D49224C1BFCAC4535C6 /* [CP] Check Pods Manifest.lock */ = {
			isa = PBXShellScriptBuildPhase;
			buildActionMask = 2147483647;
			files = (
			);
			inputPaths = (
				"${PODS_PODFILE_DIR_PATH}/Podfile.lock",
				"${PODS_ROOT}/Manifest.lock",
			);
			name = "[CP] Check Pods Manifest.lock";
			outputPaths = (
				"$(DERIVED_FILE_DIR)/Pods-Safety First-checkManifestLockResult.txt",
			);
			runOnlyForDeploymentPostprocessing = 0;
			shellPath = /bin/sh;
			shellScript = "diff \"${PODS_PODFILE_DIR_PATH}/Podfile.lock\" \"${PODS_ROOT}/Manifest.lock\" > /dev/null\nif [ $? != 0 ] ; then\n    # print error to STDERR\n    echo \"error: The sandbox is not in sync with the Podfile.lock. Run 'pod install' or update your CocoaPods installation.\" >&2\n    exit 1\nfi\n# This output is used by Xcode 'outputs' to avoid re-running this script phase.\necho \"SUCCESS\" > \"${SCRIPT_OUTPUT_FILE_0}\"\n";
			showEnvVarsInLog = 0;
		};
/* End PBXShellScriptBuildPhase section */

/* Begin PBXSourcesBuildPhase section */
		D9505653212EA13A000EE987 /* Sources */ = {
			isa = PBXSourcesBuildPhase;
			buildActionMask = 2147483647;
			files = (
				D9505672212F0404000EE987 /* CrendentialListViewController.swift in Sources */,
				D9505670212EFF1D000EE987 /* CredentialsManager.swift in Sources */,
				D9505674212F074D000EE987 /* EditCrendentialViewController.swift in Sources */,
				D950566E212EFD9F000EE987 /* Credentials.swift in Sources */,
				D950565D212EA13A000EE987 /* CredentialViewController.swift in Sources */,
				D950565B212EA13A000EE987 /* AppDelegate.swift in Sources */,
			);
			runOnlyForDeploymentPostprocessing = 0;
		};
/* End PBXSourcesBuildPhase section */

/* Begin PBXVariantGroup section */
		D950565E212EA13A000EE987 /* Main.storyboard */ = {
			isa = PBXVariantGroup;
			children = (
				D950565F212EA13A000EE987 /* Base */,
			);
			name = Main.storyboard;
			sourceTree = "<group>";
		};
		D9505663212EA13B000EE987 /* LaunchScreen.storyboard */ = {
			isa = PBXVariantGroup;
			children = (
				D9505664212EA13B000EE987 /* Base */,
			);
			name = LaunchScreen.storyboard;
			sourceTree = "<group>";
		};
/* End PBXVariantGroup section */

/* Begin XCBuildConfiguration section */
		D9505667212EA13B000EE987 /* Debug */ = {
			isa = XCBuildConfiguration;
			buildSettings = {
				ALWAYS_SEARCH_USER_PATHS = NO;
				CLANG_ANALYZER_NONNULL = YES;
				CLANG_ANALYZER_NUMBER_OBJECT_CONVERSION = YES_AGGRESSIVE;
				CLANG_CXX_LANGUAGE_STANDARD = "gnu++14";
				CLANG_CXX_LIBRARY = "libc++";
				CLANG_ENABLE_MODULES = YES;
				CLANG_ENABLE_OBJC_ARC = YES;
				CLANG_ENABLE_OBJC_WEAK = YES;
				CLANG_WARN_BLOCK_CAPTURE_AUTORELEASING = YES;
				CLANG_WARN_BOOL_CONVERSION = YES;
				CLANG_WARN_COMMA = YES;
				CLANG_WARN_CONSTANT_CONVERSION = YES;
				CLANG_WARN_DEPRECATED_OBJC_IMPLEMENTATIONS = YES;
				CLANG_WARN_DIRECT_OBJC_ISA_USAGE = YES_ERROR;
				CLANG_WARN_DOCUMENTATION_COMMENTS = YES;
				CLANG_WARN_EMPTY_BODY = YES;
				CLANG_WARN_ENUM_CONVERSION = YES;
				CLANG_WARN_INFINITE_RECURSION = YES;
				CLANG_WARN_INT_CONVERSION = YES;
				CLANG_WARN_NON_LITERAL_NULL_CONVERSION = YES;
				CLANG_WARN_OBJC_IMPLICIT_RETAIN_SELF = YES;
				CLANG_WARN_OBJC_LITERAL_CONVERSION = YES;
				CLANG_WARN_OBJC_ROOT_CLASS = YES_ERROR;
				CLANG_WARN_RANGE_LOOP_ANALYSIS = YES;
				CLANG_WARN_STRICT_PROTOTYPES = YES;
				CLANG_WARN_SUSPICIOUS_MOVE = YES;
				CLANG_WARN_UNGUARDED_AVAILABILITY = YES_AGGRESSIVE;
				CLANG_WARN_UNREACHABLE_CODE = YES;
				CLANG_WARN__DUPLICATE_METHOD_MATCH = YES;
				CODE_SIGN_IDENTITY = "iPhone Developer";
				COPY_PHASE_STRIP = NO;
				DEBUG_INFORMATION_FORMAT = dwarf;
				ENABLE_STRICT_OBJC_MSGSEND = YES;
				ENABLE_TESTABILITY = YES;
				GCC_C_LANGUAGE_STANDARD = gnu11;
				GCC_DYNAMIC_NO_PIC = NO;
				GCC_NO_COMMON_BLOCKS = YES;
				GCC_OPTIMIZATION_LEVEL = 0;
				GCC_PREPROCESSOR_DEFINITIONS = (
					"DEBUG=1",
					"$(inherited)",
				);
				GCC_WARN_64_TO_32_BIT_CONVERSION = YES;
				GCC_WARN_ABOUT_RETURN_TYPE = YES_ERROR;
				GCC_WARN_UNDECLARED_SELECTOR = YES;
				GCC_WARN_UNINITIALIZED_AUTOS = YES_AGGRESSIVE;
				GCC_WARN_UNUSED_FUNCTION = YES;
				GCC_WARN_UNUSED_VARIABLE = YES;
				IPHONEOS_DEPLOYMENT_TARGET = 11.3;
				MTL_ENABLE_DEBUG_INFO = YES;
				ONLY_ACTIVE_ARCH = YES;
				SDKROOT = iphoneos;
				SWIFT_ACTIVE_COMPILATION_CONDITIONS = DEBUG;
				SWIFT_OPTIMIZATION_LEVEL = "-Onone";
			};
			name = Debug;
		};
		D9505668212EA13B000EE987 /* Release */ = {
			isa = XCBuildConfiguration;
			buildSettings = {
				ALWAYS_SEARCH_USER_PATHS = NO;
				CLANG_ANALYZER_NONNULL = YES;
				CLANG_ANALYZER_NUMBER_OBJECT_CONVERSION = YES_AGGRESSIVE;
				CLANG_CXX_LANGUAGE_STANDARD = "gnu++14";
				CLANG_CXX_LIBRARY = "libc++";
				CLANG_ENABLE_MODULES = YES;
				CLANG_ENABLE_OBJC_ARC = YES;
				CLANG_ENABLE_OBJC_WEAK = YES;
				CLANG_WARN_BLOCK_CAPTURE_AUTORELEASING = YES;
				CLANG_WARN_BOOL_CONVERSION = YES;
				CLANG_WARN_COMMA = YES;
				CLANG_WARN_CONSTANT_CONVERSION = YES;
				CLANG_WARN_DEPRECATED_OBJC_IMPLEMENTATIONS = YES;
				CLANG_WARN_DIRECT_OBJC_ISA_USAGE = YES_ERROR;
				CLANG_WARN_DOCUMENTATION_COMMENTS = YES;
				CLANG_WARN_EMPTY_BODY = YES;
				CLANG_WARN_ENUM_CONVERSION = YES;
				CLANG_WARN_INFINITE_RECURSION = YES;
				CLANG_WARN_INT_CONVERSION = YES;
				CLANG_WARN_NON_LITERAL_NULL_CONVERSION = YES;
				CLANG_WARN_OBJC_IMPLICIT_RETAIN_SELF = YES;
				CLANG_WARN_OBJC_LITERAL_CONVERSION = YES;
				CLANG_WARN_OBJC_ROOT_CLASS = YES_ERROR;
				CLANG_WARN_RANGE_LOOP_ANALYSIS = YES;
				CLANG_WARN_STRICT_PROTOTYPES = YES;
				CLANG_WARN_SUSPICIOUS_MOVE = YES;
				CLANG_WARN_UNGUARDED_AVAILABILITY = YES_AGGRESSIVE;
				CLANG_WARN_UNREACHABLE_CODE = YES;
				CLANG_WARN__DUPLICATE_METHOD_MATCH = YES;
				CODE_SIGN_IDENTITY = "iPhone Developer";
				COPY_PHASE_STRIP = NO;
				DEBUG_INFORMATION_FORMAT = "dwarf-with-dsym";
				ENABLE_NS_ASSERTIONS = NO;
				ENABLE_STRICT_OBJC_MSGSEND = YES;
				GCC_C_LANGUAGE_STANDARD = gnu11;
				GCC_NO_COMMON_BLOCKS = YES;
				GCC_WARN_64_TO_32_BIT_CONVERSION = YES;
				GCC_WARN_ABOUT_RETURN_TYPE = YES_ERROR;
				GCC_WARN_UNDECLARED_SELECTOR = YES;
				GCC_WARN_UNINITIALIZED_AUTOS = YES_AGGRESSIVE;
				GCC_WARN_UNUSED_FUNCTION = YES;
				GCC_WARN_UNUSED_VARIABLE = YES;
				IPHONEOS_DEPLOYMENT_TARGET = 11.3;
				MTL_ENABLE_DEBUG_INFO = NO;
				SDKROOT = iphoneos;
				SWIFT_COMPILATION_MODE = wholemodule;
				SWIFT_OPTIMIZATION_LEVEL = "-O";
				VALIDATE_PRODUCT = YES;
			};
			name = Release;
		};
		D950566A212EA13B000EE987 /* Debug */ = {
			isa = XCBuildConfiguration;
			baseConfigurationReference = 0EBA4EC585AB0DA45AEF33AA /* Pods-Safety First.debug.xcconfig */;
			buildSettings = {
				ASSETCATALOG_COMPILER_APPICON_NAME = AppIcon;
				CODE_SIGN_STYLE = Automatic;
				INFOPLIST_FILE = "Safety First/Info.plist";
				LD_RUNPATH_SEARCH_PATHS = (
					"$(inherited)",
					"@executable_path/Frameworks",
				);
				PRODUCT_BUNDLE_IDENTIFIER = "rrr.Safety-First";
				PRODUCT_NAME = "$(TARGET_NAME)";
				SWIFT_VERSION = 4.0;
				TARGETED_DEVICE_FAMILY = "1,2";
			};
			name = Debug;
		};
		D950566B212EA13B000EE987 /* Release */ = {
			isa = XCBuildConfiguration;
			baseConfigurationReference = 4C95633D50B9C2890535FEEE /* Pods-Safety First.release.xcconfig */;
			buildSettings = {
				ASSETCATALOG_COMPILER_APPICON_NAME = AppIcon;
				CODE_SIGN_STYLE = Automatic;
				INFOPLIST_FILE = "Safety First/Info.plist";
				LD_RUNPATH_SEARCH_PATHS = (
					"$(inherited)",
					"@executable_path/Frameworks",
				);
				PRODUCT_BUNDLE_IDENTIFIER = "rrr.Safety-First";
				PRODUCT_NAME = "$(TARGET_NAME)";
				SWIFT_VERSION = 4.0;
				TARGETED_DEVICE_FAMILY = "1,2";
			};
			name = Release;
		};
/* End XCBuildConfiguration section */

/* Begin XCConfigurationList section */
		D9505652212EA13A000EE987 /* Build configuration list for PBXProject "Safety First" */ = {
			isa = XCConfigurationList;
			buildConfigurations = (
				D9505667212EA13B000EE987 /* Debug */,
				D9505668212EA13B000EE987 /* Release */,
			);
			defaultConfigurationIsVisible = 0;
			defaultConfigurationName = Release;
		};
		D9505669212EA13B000EE987 /* Build configuration list for PBXNativeTarget "Safety First" */ = {
			isa = XCConfigurationList;
			buildConfigurations = (
				D950566A212EA13B000EE987 /* Debug */,
				D950566B212EA13B000EE987 /* Release */,
			);
			defaultConfigurationIsVisible = 0;
			defaultConfigurationName = Release;
		};
/* End XCConfigurationList section */
	};
	rootObject = D950564F212EA13A000EE987 /* Project object */;
}
